
Microsoft Visual Studio Solution File, Format Version 12.00
# Visual Studio Version 16
VisualStudioVersion = 16.0.30320.27
MinimumVisualStudioVersion = 10.0.40219.1
Project("{2150E333-8FDC-42A3-9474-1A3956D46DE8}") = "Services", "Services", "{805D0C8B-B3C6-4D26-BD2D-6A1E0C627AAE}"
EndProject
Project("{2150E333-8FDC-42A3-9474-1A3956D46DE8}") = "Application", "Application", "{F34E88C8-284B-4F31-8F50-86AD65285F3B}"
EndProject
Project("{2150E333-8FDC-42A3-9474-1A3956D46DE8}") = "Domain", "Domain", "{9683A6B5-3669-47ED-8069-4DBA70D7E812}"
EndProject
Project("{2150E333-8FDC-42A3-9474-1A3956D46DE8}") = "Infra", "Infra", "{1D0E3E20-B6CC-4AA4-9735-D3EEC0C4974C}"
EndProject
Project("{FAE04EC0-301F-11D3-BF4B-00C04F79EFBC}") = "API", "API\API.csproj", "{928850FB-F27B-4D29-BA2D-791FB107D045}"
EndProject
Project("{FAE04EC0-301F-11D3-BF4B-00C04F79EFBC}") = "DDDApplication", "RestAPIDDDModel\DDDApplication.csproj", "{9EA5DB78-3F17-4B1C-BE8B-2B3001EE3910}"
EndProject
Project("{FAE04EC0-301F-11D3-BF4B-00C04F79EFBC}") = "DDDDomain", "DDDDomain\DDDDomain.csproj", "{4513A5BB-1556-4518-B61C-3B9287832237}"
EndProject
Project("{FAE04EC0-301F-11D3-BF4B-00C04F79EFBC}") = "DDDCore", "DDDCore\DDDCore.csproj", "{23401DCE-C560-4E78-BE01-7224F994D202}"
EndProject
Project("{FAE04EC0-301F-11D3-BF4B-00C04F79EFBC}") = "DDDServices", "DDDServices\DDDServices.csproj", "{5D0F89FD-6FE5-49A5-A14B-535E10402C53}"
EndProject
Project("{FAE04EC0-301F-11D3-BF4B-00C04F79EFBC}") = "DDDData", "DDDData\DDDData.csproj", "{3B4D00EF-3DB5-4AEA-B40F-A9C6D3F59259}"
EndProject
Global
	GlobalSection(SolutionConfigurationPlatforms) = preSolution
		Debug|Any CPU = Debug|Any CPU
		Release|Any CPU = Release|Any CPU
	EndGlobalSection
	GlobalSection(ProjectConfigurationPlatforms) = postSolution
		{928850FB-F27B-4D29-BA2D-791FB107D045}.Debug|Any CPU.ActiveCfg = Debug|Any CPU
		{928850FB-F27B-4D29-BA2D-791FB107D045}.Debug|Any CPU.Build.0 = Debug|Any CPU
		{928850FB-F27B-4D29-BA2D-791FB107D045}.Release|Any CPU.ActiveCfg = Release|Any CPU
		{928850FB-F27B-4D29-BA2D-791FB107D045}.Release|Any CPU.Build.0 = Release|Any CPU
		{9EA5DB78-3F17-4B1C-BE8B-2B3001EE3910}.Debug|Any CPU.ActiveCfg = Debug|Any CPU
		{9EA5DB78-3F17-4B1C-BE8B-2B3001EE3910}.Debug|Any CPU.Build.0 = Debug|Any CPU
		{9EA5DB78-3F17-4B1C-BE8B-2B3001EE3910}.Release|Any CPU.ActiveCfg = Release|Any CPU
		{9EA5DB78-3F17-4B1C-BE8B-2B3001EE3910}.Release|Any CPU.Build.0 = Release|Any CPU
		{4513A5BB-1556-4518-B61C-3B9287832237}.Debug|Any CPU.ActiveCfg = Debug|Any CPU
		{4513A5BB-1556-4518-B61C-3B9287832237}.Debug|Any CPU.Build.0 = Debug|Any CPU
		{4513A5BB-1556-4518-B61C-3B9287832237}.Release|Any CPU.ActiveCfg = Release|Any CPU
		{4513A5BB-1556-4518-B61C-3B9287832237}.Release|Any CPU.Build.0 = Release|Any CPU
		{23401DCE-C560-4E78-BE01-7224F994D202}.Debug|Any CPU.ActiveCfg = Debug|Any CPU
		{23401DCE-C560-4E78-BE01-7224F994D202}.Debug|Any CPU.Build.0 = Debug|Any CPU
		{23401DCE-C560-4E78-BE01-7224F994D202}.Release|Any CPU.ActiveCfg = Release|Any CPU
		{23401DCE-C560-4E78-BE01-7224F994D202}.Release|Any CPU.Build.0 = Release|Any CPU
		{5D0F89FD-6FE5-49A5-A14B-535E10402C53}.Debug|Any CPU.ActiveCfg = Debug|Any CPU
		{5D0F89FD-6FE5-49A5-A14B-535E10402C53}.Debug|Any CPU.Build.0 = Debug|Any CPU
		{5D0F89FD-6FE5-49A5-A14B-535E10402C53}.Release|Any CPU.ActiveCfg = Release|Any CPU
		{5D0F89FD-6FE5-49A5-A14B-535E10402C53}.Release|Any CPU.Build.0 = Release|Any CPU
		{3B4D00EF-3DB5-4AEA-B40F-A9C6D3F59259}.Debug|Any CPU.ActiveCfg = Debug|Any CPU
		{3B4D00EF-3DB5-4AEA-B40F-A9C6D3F59259}.Debug|Any CPU.Build.0 = Debug|Any CPU
		{3B4D00EF-3DB5-4AEA-B40F-A9C6D3F59259}.Release|Any CPU.ActiveCfg = Release|Any CPU
		{3B4D00EF-3DB5-4AEA-B40F-A9C6D3F59259}.Release|Any CPU.Build.0 = Release|Any CPU
	EndGlobalSection
	GlobalSection(SolutionProperties) = preSolution
		HideSolutionNode = FALSE
	EndGlobalSection
	GlobalSection(NestedProjects) = preSolution
		{928850FB-F27B-4D29-BA2D-791FB107D045} = {805D0C8B-B3C6-4D26-BD2D-6A1E0C627AAE}
		{9EA5DB78-3F17-4B1C-BE8B-2B3001EE3910} = {F34E88C8-284B-4F31-8F50-86AD65285F3B}
		{4513A5BB-1556-4518-B61C-3B9287832237} = {9683A6B5-3669-47ED-8069-4DBA70D7E812}
		{23401DCE-C560-4E78-BE01-7224F994D202} = {9683A6B5-3669-47ED-8069-4DBA70D7E812}
		{5D0F89FD-6FE5-49A5-A14B-535E10402C53} = {9683A6B5-3669-47ED-8069-4DBA70D7E812}
		{3B4D00EF-3DB5-4AEA-B40F-A9C6D3F59259} = {1D0E3E20-B6CC-4AA4-9735-D3EEC0C4974C}
	EndGlobalSection
	GlobalSection(ExtensibilityGlobals) = postSolution
		SolutionGuid = {8AE713A0-C510-492F-A818-65538C3038CA}
	EndGlobalSection
EndGlobal
